
Microsoft Visual Studio Solution File, Format Version 12.00
# Visual Studio Version 16
VisualStudioVersion = 16.0.28917.181
MinimumVisualStudioVersion = 10.0.40219.1
Project("{FAE04EC0-301F-11D3-BF4B-00C04F79EFBC}") = "Lab28", "Lab28\Lab28.csproj", "{A9F319A9-3668-4EE6-BFDF-13038DC024BD}"
EndProject
Global
	GlobalSection(SolutionConfigurationPlatforms) = preSolution
		Debug|Any CPU = Debug|Any CPU
		Release|Any CPU = Release|Any CPU
	EndGlobalSection
	GlobalSection(ProjectConfigurationPlatforms) = postSolution
		{A9F319A9-3668-4EE6-BFDF-13038DC024BD}.Debug|Any CPU.ActiveCfg = Debug|Any CPU
		{A9F319A9-3668-4EE6-BFDF-13038DC024BD}.Debug|Any CPU.Build.0 = Debug|Any CPU
		{A9F319A9-3668-4EE6-BFDF-13038DC024BD}.Release|Any CPU.ActiveCfg = Release|Any CPU
		{A9F319A9-3668-4EE6-BFDF-13038DC024BD}.Release|Any CPU.Build.0 = Release|Any CPU
	EndGlobalSection
	GlobalSection(SolutionProperties) = preSolution
		HideSolutionNode = FALSE
	EndGlobalSection
	GlobalSection(ExtensibilityGlobals) = postSolution
		SolutionGuid = {67B71E6D-9352-4AD6-8742-4EEED1EEA0E1}
	EndGlobalSection
EndGlobal
